// !$*UTF8*$!
{
	archiveVersion = 1;
	classes = {
	};
	objectVersion = 56;
	objects = {

/* Begin PBXBuildFile section */
		36554FBF98E8E0DD10CD2E2D /* libPods-demo.a in Frameworks */ = {isa = PBXBuildFile; fileRef = C18A67B570ABF711D0A042C0 /* libPods-demo.a */; };
		4010473D2A5B9F7C00C867C4 /* messages.plist in Resources */ = {isa = PBXBuildFile; fileRef = 4010473C2A5B9F7C00C867C4 /* messages.plist */; };
		40185BBC2AEEADEF009DC944 /* SlideViewController.m in Sources */ = {isa = PBXBuildFile; fileRef = 40185BBB2AEEADEF009DC944 /* SlideViewController.m */; };
		40358FD72A5E793000526877 /* NewsTableViewController.m in Sources */ = {isa = PBXBuildFile; fileRef = 40358FD62A5E793000526877 /* NewsTableViewController.m */; };
		40358FDE2A5E7E3100526877 /* TopView.m in Sources */ = {isa = PBXBuildFile; fileRef = 40358FDD2A5E7E3100526877 /* TopView.m */; };
		40358FE12A5E7EC000526877 /* BodyView.m in Sources */ = {isa = PBXBuildFile; fileRef = 40358FE02A5E7EC000526877 /* BodyView.m */; };
		40358FE42A5E7ED600526877 /* TextBodyView.m in Sources */ = {isa = PBXBuildFile; fileRef = 40358FE32A5E7ED600526877 /* TextBodyView.m */; };
		40358FE72A5E7F0900526877 /* PicBodyView.m in Sources */ = {isa = PBXBuildFile; fileRef = 40358FE62A5E7F0900526877 /* PicBodyView.m */; };
		40358FEA2A5E7F2800526877 /* BottomView.m in Sources */ = {isa = PBXBuildFile; fileRef = 40358FE92A5E7F2800526877 /* BottomView.m */; };
		40358FED2A5E800800526877 /* ANewView.m in Sources */ = {isa = PBXBuildFile; fileRef = 40358FEC2A5E800800526877 /* ANewView.m */; };
		404A984F2A52B75E0021556B /* friends.plist in Resources */ = {isa = PBXBuildFile; fileRef = 404A984E2A52B75E0021556B /* friends.plist */; };
		405913FC2A4AE4990073C036 /* TableViewController.m in Sources */ = {isa = PBXBuildFile; fileRef = 405913FB2A4AE4990073C036 /* TableViewController.m */; };
		40A76E102A4EA7EC00969496 /* Person.m in Sources */ = {isa = PBXBuildFile; fileRef = 40A76E0F2A4EA7EC00969496 /* Person.m */; };
		40A76E132A4EB1C400969496 /* Group.m in Sources */ = {isa = PBXBuildFile; fileRef = 40A76E122A4EB1C400969496 /* Group.m */; };
		40A76E172A4EC01400969496 /* PersonCell.m in Sources */ = {isa = PBXBuildFile; fileRef = 40A76E162A4EC01400969496 /* PersonCell.m */; };
		40A76E1A2A4ECCAD00969496 /* SectionView.m in Sources */ = {isa = PBXBuildFile; fileRef = 40A76E192A4ECCAD00969496 /* SectionView.m */; };
		40AEAF5B2AF8DEDF00B15D54 /* JHControllerManager.m in Sources */ = {isa = PBXBuildFile; fileRef = 40AEAF5A2AF8DEDF00B15D54 /* JHControllerManager.m */; };
		40AEAF5E2AF8E19500B15D54 /* LoginViewController.m in Sources */ = {isa = PBXBuildFile; fileRef = 40AEAF5D2AF8E19500B15D54 /* LoginViewController.m */; };
		40AEAF612AF8E45500B15D54 /* JHUserDefaultStatus.m in Sources */ = {isa = PBXBuildFile; fileRef = 40AEAF602AF8E45500B15D54 /* JHUserDefaultStatus.m */; };
		40CACDC82B03556A00400A58 /* PersonInfoViewController.m in Sources */ = {isa = PBXBuildFile; fileRef = 40CACDC72B03556A00400A58 /* PersonInfoViewController.m */; };
		40CEB3232AE8BA860092C438 /* CommentView.m in Sources */ = {isa = PBXBuildFile; fileRef = 40CEB3222AE8BA860092C438 /* CommentView.m */; };
		40D1608D2AF9D38E000198B7 /* SettingViewController.m in Sources */ = {isa = PBXBuildFile; fileRef = 40D1608C2AF9D38E000198B7 /* SettingViewController.m */; };
		40D197AD2A47E80800674955 /* AppDelegate.m in Sources */ = {isa = PBXBuildFile; fileRef = 40D197AC2A47E80800674955 /* AppDelegate.m */; };
		40D197B32A47E80800674955 /* ViewController.m in Sources */ = {isa = PBXBuildFile; fileRef = 40D197B22A47E80800674955 /* ViewController.m */; };
		40D197B82A47E80B00674955 /* Assets.xcassets in Resources */ = {isa = PBXBuildFile; fileRef = 40D197B72A47E80B00674955 /* Assets.xcassets */; };
		40D197BB2A47E80B00674955 /* LaunchScreen.storyboard in Resources */ = {isa = PBXBuildFile; fileRef = 40D197B92A47E80B00674955 /* LaunchScreen.storyboard */; };
		40D197BE2A47E80B00674955 /* main.m in Sources */ = {isa = PBXBuildFile; fileRef = 40D197BD2A47E80B00674955 /* main.m */; };
		40D197C82A47E80B00674955 /* demoTests.m in Sources */ = {isa = PBXBuildFile; fileRef = 40D197C72A47E80B00674955 /* demoTests.m */; };
		40D197D22A47E80B00674955 /* demoUITests.m in Sources */ = {isa = PBXBuildFile; fileRef = 40D197D12A47E80B00674955 /* demoUITests.m */; };
		40D197D42A47E80B00674955 /* demoUITestsLaunchTests.m in Sources */ = {isa = PBXBuildFile; fileRef = 40D197D32A47E80B00674955 /* demoUITestsLaunchTests.m */; };
		40D8B0FA2AF383F3003E6C6E /* SlideCell.m in Sources */ = {isa = PBXBuildFile; fileRef = 40D8B0F92AF383F3003E6C6E /* SlideCell.m */; };
		40D8B0FD2AF390A7003E6C6E /* SCCustomButton.m in Sources */ = {isa = PBXBuildFile; fileRef = 40D8B0FC2AF390A7003E6C6E /* SCCustomButton.m */; };
		40D8B1002AF39151003E6C6E /* UIView+SCLayout.m in Sources */ = {isa = PBXBuildFile; fileRef = 40D8B0FE2AF39150003E6C6E /* UIView+SCLayout.m */; };
		40D8B1042AF3B1E8003E6C6E /* NormalTableVC.m in Sources */ = {isa = PBXBuildFile; fileRef = 40D8B1032AF3B1E8003E6C6E /* NormalTableVC.m */; };
		40E3E4252AF4E4980066D4B9 /* PageViewController.m in Sources */ = {isa = PBXBuildFile; fileRef = 40E3E4242AF4E4980066D4B9 /* PageViewController.m */; };
		40ED95F82A542CCE002A9CA9 /* TabBarController.m in Sources */ = {isa = PBXBuildFile; fileRef = 40ED95F72A542CCE002A9CA9 /* TabBarController.m */; };
		40F0823E2A57BE00005EF033 /* SearchController.m in Sources */ = {isa = PBXBuildFile; fileRef = 40F0823D2A57BE00005EF033 /* SearchController.m */; };
		40F082412A57E0B0005EF033 /* SearchViewController.m in Sources */ = {isa = PBXBuildFile; fileRef = 40F082402A57E0B0005EF033 /* SearchViewController.m */; };
		40F082442A57FDBA005EF033 /* MsgTableViewController.m in Sources */ = {isa = PBXBuildFile; fileRef = 40F082432A57FDBA005EF033 /* MsgTableViewController.m */; };
		40F082472A5810FF005EF033 /* AMessage.m in Sources */ = {isa = PBXBuildFile; fileRef = 40F082462A5810FF005EF033 /* AMessage.m */; };
		40F0824A2A5813A8005EF033 /* MessageCell.m in Sources */ = {isa = PBXBuildFile; fileRef = 40F082492A5813A8005EF033 /* MessageCell.m */; };
		40F6C81E2A60F03400AEB9B7 /* someNews.plist in Resources */ = {isa = PBXBuildFile; fileRef = 40F6C81D2A60F03400AEB9B7 /* someNews.plist */; };
		40F6C8212A60F0C200AEB9B7 /* ANew.m in Sources */ = {isa = PBXBuildFile; fileRef = 40F6C8202A60F0C200AEB9B7 /* ANew.m */; };
		40FAB2C52AEB5C04009D1145 /* ImageZoom.m in Sources */ = {isa = PBXBuildFile; fileRef = 40FAB2C42AEB5C04009D1145 /* ImageZoom.m */; };
		40FC76A52AF75801002716B9 /* AddFriendViewController.m in Sources */ = {isa = PBXBuildFile; fileRef = 40FC76A42AF75801002716B9 /* AddFriendViewController.m */; };
		40FC76AC2AF7F2AA002716B9 /* CusRightCell.m in Sources */ = {isa = PBXBuildFile; fileRef = 40FC76A92AF7F2A8002716B9 /* CusRightCell.m */; };
		40FC76AD2AF7F2AA002716B9 /* CusLeftCell.m in Sources */ = {isa = PBXBuildFile; fileRef = 40FC76AA2AF7F2A9002716B9 /* CusLeftCell.m */; };
		40FC76B52AF7F3C3002716B9 /* ChatBaseRight.m in Sources */ = {isa = PBXBuildFile; fileRef = 40FC76B22AF7F3C2002716B9 /* ChatBaseRight.m */; };
		40FC76B62AF7F3C3002716B9 /* ChatBaseLeft.m in Sources */ = {isa = PBXBuildFile; fileRef = 40FC76B32AF7F3C2002716B9 /* ChatBaseLeft.m */; };
		40FC76B92AF7F46E002716B9 /* CusViewController.m in Sources */ = {isa = PBXBuildFile; fileRef = 40FC76B72AF7F46E002716B9 /* CusViewController.m */; };
		40FC76BC2AF7F4B3002716B9 /* KUILabel.m in Sources */ = {isa = PBXBuildFile; fileRef = 40FC76BA2AF7F4B3002716B9 /* KUILabel.m */; };
		40FC76C12AF7F527002716B9 /* ChatWXLeft.m in Sources */ = {isa = PBXBuildFile; fileRef = 40FC76BF2AF7F526002716B9 /* ChatWXLeft.m */; };
		40FC76C22AF7F527002716B9 /* ChatWXRight.m in Sources */ = {isa = PBXBuildFile; fileRef = 40FC76C02AF7F527002716B9 /* ChatWXRight.m */; };
		40FC76C52AF7F546002716B9 /* ChartCommon.m in Sources */ = {isa = PBXBuildFile; fileRef = 40FC76C42AF7F546002716B9 /* ChartCommon.m */; };
		40FC76CA2AF7F568002716B9 /* ChatTailLeft.m in Sources */ = {isa = PBXBuildFile; fileRef = 40FC76C72AF7F567002716B9 /* ChatTailLeft.m */; };
		40FC76CB2AF7F568002716B9 /* ChatTailRight.m in Sources */ = {isa = PBXBuildFile; fileRef = 40FC76C82AF7F567002716B9 /* ChatTailRight.m */; };
/* End PBXBuildFile section */

/* Begin PBXContainerItemProxy section */
		40D197C42A47E80B00674955 /* PBXContainerItemProxy */ = {
			isa = PBXContainerItemProxy;
			containerPortal = 40D197A02A47E80800674955 /* Project object */;
			proxyType = 1;
			remoteGlobalIDString = 40D197A72A47E80800674955;
			remoteInfo = demo;
		};
		40D197CE2A47E80B00674955 /* PBXContainerItemProxy */ = {
			isa = PBXContainerItemProxy;
			containerPortal = 40D197A02A47E80800674955 /* Project object */;
			proxyType = 1;
			remoteGlobalIDString = 40D197A72A47E80800674955;
			remoteInfo = demo;
		};
/* End PBXContainerItemProxy section */

/* Begin PBXFileReference section */
		4010473C2A5B9F7C00C867C4 /* messages.plist */ = {isa = PBXFileReference; lastKnownFileType = text.plist.xml; path = messages.plist; sourceTree = "<group>"; };
		40185BBA2AEEADC4009DC944 /* SlideViewController.h */ = {isa = PBXFileReference; lastKnownFileType = sourcecode.c.h; path = SlideViewController.h; sourceTree = "<group>"; };
		40185BBB2AEEADEF009DC944 /* SlideViewController.m */ = {isa = PBXFileReference; lastKnownFileType = sourcecode.c.objc; path = SlideViewController.m; sourceTree = "<group>"; };
		40358FD52A5E793000526877 /* NewsTableViewController.h */ = {isa = PBXFileReference; lastKnownFileType = sourcecode.c.h; path = NewsTableViewController.h; sourceTree = "<group>"; };
		40358FD62A5E793000526877 /* NewsTableViewController.m */ = {isa = PBXFileReference; lastKnownFileType = sourcecode.c.objc; path = NewsTableViewController.m; sourceTree = "<group>"; };
		40358FDC2A5E7E3100526877 /* TopView.h */ = {isa = PBXFileReference; lastKnownFileType = sourcecode.c.h; path = TopView.h; sourceTree = "<group>"; };
		40358FDD2A5E7E3100526877 /* TopView.m */ = {isa = PBXFileReference; lastKnownFileType = sourcecode.c.objc; path = TopView.m; sourceTree = "<group>"; };
		40358FDF2A5E7EC000526877 /* BodyView.h */ = {isa = PBXFileReference; lastKnownFileType = sourcecode.c.h; path = BodyView.h; sourceTree = "<group>"; };
		40358FE02A5E7EC000526877 /* BodyView.m */ = {isa = PBXFileReference; lastKnownFileType = sourcecode.c.objc; path = BodyView.m; sourceTree = "<group>"; };
		40358FE22A5E7ED600526877 /* TextBodyView.h */ = {isa = PBXFileReference; lastKnownFileType = sourcecode.c.h; path = TextBodyView.h; sourceTree = "<group>"; };
		40358FE32A5E7ED600526877 /* TextBodyView.m */ = {isa = PBXFileReference; lastKnownFileType = sourcecode.c.objc; path = TextBodyView.m; sourceTree = "<group>"; };
		40358FE52A5E7F0900526877 /* PicBodyView.h */ = {isa = PBXFileReference; lastKnownFileType = sourcecode.c.h; path = PicBodyView.h; sourceTree = "<group>"; };
		40358FE62A5E7F0900526877 /* PicBodyView.m */ = {isa = PBXFileReference; lastKnownFileType = sourcecode.c.objc; path = PicBodyView.m; sourceTree = "<group>"; };
		40358FE82A5E7F2800526877 /* BottomView.h */ = {isa = PBXFileReference; lastKnownFileType = sourcecode.c.h; path = BottomView.h; sourceTree = "<group>"; };
		40358FE92A5E7F2800526877 /* BottomView.m */ = {isa = PBXFileReference; lastKnownFileType = sourcecode.c.objc; path = BottomView.m; sourceTree = "<group>"; };
		40358FEB2A5E800800526877 /* ANewView.h */ = {isa = PBXFileReference; lastKnownFileType = sourcecode.c.h; path = ANewView.h; sourceTree = "<group>"; };
		40358FEC2A5E800800526877 /* ANewView.m */ = {isa = PBXFileReference; lastKnownFileType = sourcecode.c.objc; path = ANewView.m; sourceTree = "<group>"; };
		404A984E2A52B75E0021556B /* friends.plist */ = {isa = PBXFileReference; lastKnownFileType = text.plist.xml; path = friends.plist; sourceTree = "<group>"; };
		405913FA2A4AE4990073C036 /* TableViewController.h */ = {isa = PBXFileReference; lastKnownFileType = sourcecode.c.h; path = TableViewController.h; sourceTree = "<group>"; };
		405913FB2A4AE4990073C036 /* TableViewController.m */ = {isa = PBXFileReference; lastKnownFileType = sourcecode.c.objc; path = TableViewController.m; sourceTree = "<group>"; };
		40A76E0E2A4EA7EC00969496 /* Person.h */ = {isa = PBXFileReference; lastKnownFileType = sourcecode.c.h; path = Person.h; sourceTree = "<group>"; };
		40A76E0F2A4EA7EC00969496 /* Person.m */ = {isa = PBXFileReference; lastKnownFileType = sourcecode.c.objc; path = Person.m; sourceTree = "<group>"; };
		40A76E112A4EB1C400969496 /* Group.h */ = {isa = PBXFileReference; lastKnownFileType = sourcecode.c.h; path = Group.h; sourceTree = "<group>"; };
		40A76E122A4EB1C400969496 /* Group.m */ = {isa = PBXFileReference; lastKnownFileType = sourcecode.c.objc; path = Group.m; sourceTree = "<group>"; };
		40A76E152A4EC01400969496 /* PersonCell.h */ = {isa = PBXFileReference; lastKnownFileType = sourcecode.c.h; path = PersonCell.h; sourceTree = "<group>"; };
		40A76E162A4EC01400969496 /* PersonCell.m */ = {isa = PBXFileReference; lastKnownFileType = sourcecode.c.objc; path = PersonCell.m; sourceTree = "<group>"; };
		40A76E182A4ECCAD00969496 /* SectionView.h */ = {isa = PBXFileReference; lastKnownFileType = sourcecode.c.h; path = SectionView.h; sourceTree = "<group>"; };
		40A76E192A4ECCAD00969496 /* SectionView.m */ = {isa = PBXFileReference; lastKnownFileType = sourcecode.c.objc; path = SectionView.m; sourceTree = "<group>"; };
		40AEAF592AF8DECD00B15D54 /* JHControllerManager.h */ = {isa = PBXFileReference; lastKnownFileType = sourcecode.c.h; path = JHControllerManager.h; sourceTree = "<group>"; };
		40AEAF5A2AF8DEDF00B15D54 /* JHControllerManager.m */ = {isa = PBXFileReference; lastKnownFileType = sourcecode.c.objc; path = JHControllerManager.m; sourceTree = "<group>"; };
		40AEAF5C2AF8E17E00B15D54 /* LoginViewController.h */ = {isa = PBXFileReference; lastKnownFileType = sourcecode.c.h; path = LoginViewController.h; sourceTree = "<group>"; };
		40AEAF5D2AF8E19500B15D54 /* LoginViewController.m */ = {isa = PBXFileReference; lastKnownFileType = sourcecode.c.objc; path = LoginViewController.m; sourceTree = "<group>"; };
		40AEAF5F2AF8E43800B15D54 /* JHUserDefaultStatus.h */ = {isa = PBXFileReference; lastKnownFileType = sourcecode.c.h; path = JHUserDefaultStatus.h; sourceTree = "<group>"; };
		40AEAF602AF8E45500B15D54 /* JHUserDefaultStatus.m */ = {isa = PBXFileReference; lastKnownFileType = sourcecode.c.objc; path = JHUserDefaultStatus.m; sourceTree = "<group>"; };
		40CACDC62B03554300400A58 /* PersonInfoViewController.h */ = {isa = PBXFileReference; lastKnownFileType = sourcecode.c.h; path = PersonInfoViewController.h; sourceTree = "<group>"; };
		40CACDC72B03556A00400A58 /* PersonInfoViewController.m */ = {isa = PBXFileReference; lastKnownFileType = sourcecode.c.objc; path = PersonInfoViewController.m; sourceTree = "<group>"; };
		40CEB3212AE8BA600092C438 /* CommentView.h */ = {isa = PBXFileReference; lastKnownFileType = sourcecode.c.h; path = CommentView.h; sourceTree = "<group>"; };
		40CEB3222AE8BA860092C438 /* CommentView.m */ = {isa = PBXFileReference; lastKnownFileType = sourcecode.c.objc; name = CommentView.m; path = demo/View/CommentView.m; sourceTree = SOURCE_ROOT; };
		40CEB3242AE8C76F0092C438 /* Delegate.h */ = {isa = PBXFileReference; lastKnownFileType = sourcecode.c.h; path = Delegate.h; sourceTree = "<group>"; };
		40D1608B2AF9D37A000198B7 /* SettingViewController.h */ = {isa = PBXFileReference; lastKnownFileType = sourcecode.c.h; path = SettingViewController.h; sourceTree = "<group>"; };
		40D1608C2AF9D38E000198B7 /* SettingViewController.m */ = {isa = PBXFileReference; lastKnownFileType = sourcecode.c.objc; path = SettingViewController.m; sourceTree = "<group>"; };
		40D197A82A47E80800674955 /* demo.app */ = {isa = PBXFileReference; explicitFileType = wrapper.application; includeInIndex = 0; path = demo.app; sourceTree = BUILT_PRODUCTS_DIR; };
		40D197AB2A47E80800674955 /* AppDelegate.h */ = {isa = PBXFileReference; lastKnownFileType = sourcecode.c.h; path = AppDelegate.h; sourceTree = "<group>"; };
		40D197AC2A47E80800674955 /* AppDelegate.m */ = {isa = PBXFileReference; lastKnownFileType = sourcecode.c.objc; path = AppDelegate.m; sourceTree = "<group>"; };
		40D197B12A47E80800674955 /* ViewController.h */ = {isa = PBXFileReference; lastKnownFileType = sourcecode.c.h; path = ViewController.h; sourceTree = "<group>"; };
		40D197B22A47E80800674955 /* ViewController.m */ = {isa = PBXFileReference; lastKnownFileType = sourcecode.c.objc; path = ViewController.m; sourceTree = "<group>"; };
		40D197B72A47E80B00674955 /* Assets.xcassets */ = {isa = PBXFileReference; lastKnownFileType = folder.assetcatalog; path = Assets.xcassets; sourceTree = "<group>"; };
		40D197BA2A47E80B00674955 /* Base */ = {isa = PBXFileReference; lastKnownFileType = file.storyboard; name = Base; path = Base.lproj/LaunchScreen.storyboard; sourceTree = "<group>"; };
		40D197BC2A47E80B00674955 /* Info.plist */ = {isa = PBXFileReference; lastKnownFileType = text.plist.xml; path = Info.plist; sourceTree = "<group>"; };
		40D197BD2A47E80B00674955 /* main.m */ = {isa = PBXFileReference; lastKnownFileType = sourcecode.c.objc; path = main.m; sourceTree = "<group>"; };
		40D197C32A47E80B00674955 /* demoTests.xctest */ = {isa = PBXFileReference; explicitFileType = wrapper.cfbundle; includeInIndex = 0; path = demoTests.xctest; sourceTree = BUILT_PRODUCTS_DIR; };
		40D197C72A47E80B00674955 /* demoTests.m */ = {isa = PBXFileReference; lastKnownFileType = sourcecode.c.objc; path = demoTests.m; sourceTree = "<group>"; };
		40D197CD2A47E80B00674955 /* demoUITests.xctest */ = {isa = PBXFileReference; explicitFileType = wrapper.cfbundle; includeInIndex = 0; path = demoUITests.xctest; sourceTree = BUILT_PRODUCTS_DIR; };
		40D197D12A47E80B00674955 /* demoUITests.m */ = {isa = PBXFileReference; lastKnownFileType = sourcecode.c.objc; path = demoUITests.m; sourceTree = "<group>"; };
		40D197D32A47E80B00674955 /* demoUITestsLaunchTests.m */ = {isa = PBXFileReference; lastKnownFileType = sourcecode.c.objc; path = demoUITestsLaunchTests.m; sourceTree = "<group>"; };
		40D8B0F82AF383DC003E6C6E /* SlideCell.h */ = {isa = PBXFileReference; lastKnownFileType = sourcecode.c.h; path = SlideCell.h; sourceTree = "<group>"; };
		40D8B0F92AF383F3003E6C6E /* SlideCell.m */ = {isa = PBXFileReference; lastKnownFileType = sourcecode.c.objc; path = SlideCell.m; sourceTree = "<group>"; };
		40D8B0FB2AF39080003E6C6E /* SCCustomButton.h */ = {isa = PBXFileReference; lastKnownFileType = sourcecode.c.h; path = SCCustomButton.h; sourceTree = "<group>"; };
		40D8B0FC2AF390A7003E6C6E /* SCCustomButton.m */ = {isa = PBXFileReference; lastKnownFileType = sourcecode.c.objc; path = SCCustomButton.m; sourceTree = "<group>"; };
		40D8B0FE2AF39150003E6C6E /* UIView+SCLayout.m */ = {isa = PBXFileReference; fileEncoding = 4; lastKnownFileType = sourcecode.c.objc; path = "UIView+SCLayout.m"; sourceTree = "<group>"; };
		40D8B0FF2AF39151003E6C6E /* UIView+SCLayout.h */ = {isa = PBXFileReference; fileEncoding = 4; lastKnownFileType = sourcecode.c.h; path = "UIView+SCLayout.h"; sourceTree = "<group>"; };
		40D8B1022AF3B1D1003E6C6E /* NormalTableVC.h */ = {isa = PBXFileReference; lastKnownFileType = sourcecode.c.h; path = NormalTableVC.h; sourceTree = "<group>"; };
		40D8B1032AF3B1E8003E6C6E /* NormalTableVC.m */ = {isa = PBXFileReference; lastKnownFileType = sourcecode.c.objc; path = NormalTableVC.m; sourceTree = "<group>"; };
		40E3E4232AF4E4800066D4B9 /* PageViewController.h */ = {isa = PBXFileReference; lastKnownFileType = sourcecode.c.h; path = PageViewController.h; sourceTree = "<group>"; };
		40E3E4242AF4E4980066D4B9 /* PageViewController.m */ = {isa = PBXFileReference; lastKnownFileType = sourcecode.c.objc; path = PageViewController.m; sourceTree = "<group>"; };
		40ED95F62A542CCE002A9CA9 /* TabBarController.h */ = {isa = PBXFileReference; lastKnownFileType = sourcecode.c.h; path = TabBarController.h; sourceTree = "<group>"; };
		40ED95F72A542CCE002A9CA9 /* TabBarController.m */ = {isa = PBXFileReference; lastKnownFileType = sourcecode.c.objc; path = TabBarController.m; sourceTree = "<group>"; };
		40F0823C2A57BE00005EF033 /* SearchController.h */ = {isa = PBXFileReference; lastKnownFileType = sourcecode.c.h; path = SearchController.h; sourceTree = "<group>"; };
		40F0823D2A57BE00005EF033 /* SearchController.m */ = {isa = PBXFileReference; lastKnownFileType = sourcecode.c.objc; path = SearchController.m; sourceTree = "<group>"; };
		40F0823F2A57E0B0005EF033 /* SearchViewController.h */ = {isa = PBXFileReference; lastKnownFileType = sourcecode.c.h; path = SearchViewController.h; sourceTree = "<group>"; };
		40F082402A57E0B0005EF033 /* SearchViewController.m */ = {isa = PBXFileReference; lastKnownFileType = sourcecode.c.objc; path = SearchViewController.m; sourceTree = "<group>"; };
		40F082422A57FDBA005EF033 /* MsgTableViewController.h */ = {isa = PBXFileReference; lastKnownFileType = sourcecode.c.h; path = MsgTableViewController.h; sourceTree = "<group>"; };
		40F082432A57FDBA005EF033 /* MsgTableViewController.m */ = {isa = PBXFileReference; lastKnownFileType = sourcecode.c.objc; path = MsgTableViewController.m; sourceTree = "<group>"; };
		40F082452A5810FF005EF033 /* AMessage.h */ = {isa = PBXFileReference; lastKnownFileType = sourcecode.c.h; path = AMessage.h; sourceTree = "<group>"; };
		40F082462A5810FF005EF033 /* AMessage.m */ = {isa = PBXFileReference; lastKnownFileType = sourcecode.c.objc; path = AMessage.m; sourceTree = "<group>"; };
		40F082482A5813A8005EF033 /* MessageCell.h */ = {isa = PBXFileReference; lastKnownFileType = sourcecode.c.h; path = MessageCell.h; sourceTree = "<group>"; };
		40F082492A5813A8005EF033 /* MessageCell.m */ = {isa = PBXFileReference; lastKnownFileType = sourcecode.c.objc; path = MessageCell.m; sourceTree = "<group>"; };
		40F6C81D2A60F03400AEB9B7 /* someNews.plist */ = {isa = PBXFileReference; lastKnownFileType = text.plist.xml; path = someNews.plist; sourceTree = "<group>"; };
		40F6C81F2A60F0C200AEB9B7 /* ANew.h */ = {isa = PBXFileReference; lastKnownFileType = sourcecode.c.h; path = ANew.h; sourceTree = "<group>"; };
		40F6C8202A60F0C200AEB9B7 /* ANew.m */ = {isa = PBXFileReference; lastKnownFileType = sourcecode.c.objc; path = ANew.m; sourceTree = "<group>"; };
		40FAB2C32AEB5B54009D1145 /* ImageZoom.h */ = {isa = PBXFileReference; lastKnownFileType = sourcecode.c.h; path = ImageZoom.h; sourceTree = "<group>"; };
		40FAB2C42AEB5C04009D1145 /* ImageZoom.m */ = {isa = PBXFileReference; lastKnownFileType = sourcecode.c.objc; name = ImageZoom.m; path = demo/View/ImageZoom.m; sourceTree = SOURCE_ROOT; };
		40FC76A32AF757D7002716B9 /* AddFriendViewController.h */ = {isa = PBXFileReference; lastKnownFileType = sourcecode.c.h; path = AddFriendViewController.h; sourceTree = "<group>"; };
		40FC76A42AF75801002716B9 /* AddFriendViewController.m */ = {isa = PBXFileReference; lastKnownFileType = sourcecode.c.objc; path = AddFriendViewController.m; sourceTree = "<group>"; };
		40FC76A72AF7DCFD002716B9 /* Macro.h */ = {isa = PBXFileReference; lastKnownFileType = sourcecode.c.h; path = Macro.h; sourceTree = "<group>"; };
		40FC76A82AF7F2A8002716B9 /* CusLeftCell.h */ = {isa = PBXFileReference; fileEncoding = 4; lastKnownFileType = sourcecode.c.h; path = CusLeftCell.h; sourceTree = "<group>"; };
		40FC76A92AF7F2A8002716B9 /* CusRightCell.m */ = {isa = PBXFileReference; fileEncoding = 4; lastKnownFileType = sourcecode.c.objc; path = CusRightCell.m; sourceTree = "<group>"; };
		40FC76AA2AF7F2A9002716B9 /* CusLeftCell.m */ = {isa = PBXFileReference; fileEncoding = 4; lastKnownFileType = sourcecode.c.objc; path = CusLeftCell.m; sourceTree = "<group>"; };
		40FC76AB2AF7F2AA002716B9 /* CusRightCell.h */ = {isa = PBXFileReference; fileEncoding = 4; lastKnownFileType = sourcecode.c.h; path = CusRightCell.h; sourceTree = "<group>"; };
		40FC76B12AF7F3C2002716B9 /* ChatBaseLeft.h */ = {isa = PBXFileReference; fileEncoding = 4; lastKnownFileType = sourcecode.c.h; path = ChatBaseLeft.h; sourceTree = "<group>"; };
		40FC76B22AF7F3C2002716B9 /* ChatBaseRight.m */ = {isa = PBXFileReference; fileEncoding = 4; lastKnownFileType = sourcecode.c.objc; path = ChatBaseRight.m; sourceTree = "<group>"; };
		40FC76B32AF7F3C2002716B9 /* ChatBaseLeft.m */ = {isa = PBXFileReference; fileEncoding = 4; lastKnownFileType = sourcecode.c.objc; path = ChatBaseLeft.m; sourceTree = "<group>"; };
		40FC76B42AF7F3C3002716B9 /* ChatBaseRight.h */ = {isa = PBXFileReference; fileEncoding = 4; lastKnownFileType = sourcecode.c.h; path = ChatBaseRight.h; sourceTree = "<group>"; };
		40FC76B72AF7F46E002716B9 /* CusViewController.m */ = {isa = PBXFileReference; fileEncoding = 4; lastKnownFileType = sourcecode.c.objc; path = CusViewController.m; sourceTree = "<group>"; };
		40FC76B82AF7F46E002716B9 /* CusViewController.h */ = {isa = PBXFileReference; fileEncoding = 4; lastKnownFileType = sourcecode.c.h; path = CusViewController.h; sourceTree = "<group>"; };
		40FC76BA2AF7F4B3002716B9 /* KUILabel.m */ = {isa = PBXFileReference; fileEncoding = 4; lastKnownFileType = sourcecode.c.objc; path = KUILabel.m; sourceTree = "<group>"; };
		40FC76BB2AF7F4B3002716B9 /* KUILabel.h */ = {isa = PBXFileReference; fileEncoding = 4; lastKnownFileType = sourcecode.c.h; path = KUILabel.h; sourceTree = "<group>"; };
		40FC76BD2AF7F526002716B9 /* ChatWXRight.h */ = {isa = PBXFileReference; fileEncoding = 4; lastKnownFileType = sourcecode.c.h; path = ChatWXRight.h; sourceTree = "<group>"; };
		40FC76BE2AF7F526002716B9 /* ChatWXLeft.h */ = {isa = PBXFileReference; fileEncoding = 4; lastKnownFileType = sourcecode.c.h; path = ChatWXLeft.h; sourceTree = "<group>"; };
		40FC76BF2AF7F526002716B9 /* ChatWXLeft.m */ = {isa = PBXFileReference; fileEncoding = 4; lastKnownFileType = sourcecode.c.objc; path = ChatWXLeft.m; sourceTree = "<group>"; };
		40FC76C02AF7F527002716B9 /* ChatWXRight.m */ = {isa = PBXFileReference; fileEncoding = 4; lastKnownFileType = sourcecode.c.objc; path = ChatWXRight.m; sourceTree = "<group>"; };
		40FC76C32AF7F546002716B9 /* ChartCommon.h */ = {isa = PBXFileReference; fileEncoding = 4; lastKnownFileType = sourcecode.c.h; path = ChartCommon.h; sourceTree = "<group>"; };
		40FC76C42AF7F546002716B9 /* ChartCommon.m */ = {isa = PBXFileReference; fileEncoding = 4; lastKnownFileType = sourcecode.c.objc; path = ChartCommon.m; sourceTree = "<group>"; };
		40FC76C62AF7F567002716B9 /* ChatTailRight.h */ = {isa = PBXFileReference; fileEncoding = 4; lastKnownFileType = sourcecode.c.h; path = ChatTailRight.h; sourceTree = "<group>"; };
		40FC76C72AF7F567002716B9 /* ChatTailLeft.m */ = {isa = PBXFileReference; fileEncoding = 4; lastKnownFileType = sourcecode.c.objc; path = ChatTailLeft.m; sourceTree = "<group>"; };
		40FC76C82AF7F567002716B9 /* ChatTailRight.m */ = {isa = PBXFileReference; fileEncoding = 4; lastKnownFileType = sourcecode.c.objc; path = ChatTailRight.m; sourceTree = "<group>"; };
		40FC76C92AF7F568002716B9 /* ChatTailLeft.h */ = {isa = PBXFileReference; fileEncoding = 4; lastKnownFileType = sourcecode.c.h; path = ChatTailLeft.h; sourceTree = "<group>"; };
		5C97F5A504CBDF7702089946 /* Pods-demo.release.xcconfig */ = {isa = PBXFileReference; includeInIndex = 1; lastKnownFileType = text.xcconfig; name = "Pods-demo.release.xcconfig"; path = "Target Support Files/Pods-demo/Pods-demo.release.xcconfig"; sourceTree = "<group>"; };
		C18A67B570ABF711D0A042C0 /* libPods-demo.a */ = {isa = PBXFileReference; explicitFileType = archive.ar; includeInIndex = 0; path = "libPods-demo.a"; sourceTree = BUILT_PRODUCTS_DIR; };
		ED5BC84677DFAF3782C53CFD /* Pods-demo.debug.xcconfig */ = {isa = PBXFileReference; includeInIndex = 1; lastKnownFileType = text.xcconfig; name = "Pods-demo.debug.xcconfig"; path = "Target Support Files/Pods-demo/Pods-demo.debug.xcconfig"; sourceTree = "<group>"; };
/* End PBXFileReference section */

/* Begin PBXFrameworksBuildPhase section */
		40D197A52A47E80800674955 /* Frameworks */ = {
			isa = PBXFrameworksBuildPhase;
			buildActionMask = 2147483647;
			files = (
				36554FBF98E8E0DD10CD2E2D /* libPods-demo.a in Frameworks */,
			);
			runOnlyForDeploymentPostprocessing = 0;
		};
		40D197C02A47E80B00674955 /* Frameworks */ = {
			isa = PBXFrameworksBuildPhase;
			buildActionMask = 2147483647;
			files = (
			);
			runOnlyForDeploymentPostprocessing = 0;
		};
		40D197CA2A47E80B00674955 /* Frameworks */ = {
			isa = PBXFrameworksBuildPhase;
			buildActionMask = 2147483647;
			files = (
			);
			runOnlyForDeploymentPostprocessing = 0;
		};
/* End PBXFrameworksBuildPhase section */

/* Begin PBXGroup section */
		018697331BE1F68E9CE24948 /* Frameworks */ = {
			isa = PBXGroup;
			children = (
				C18A67B570ABF711D0A042C0 /* libPods-demo.a */,
			);
			name = Frameworks;
			sourceTree = "<group>";
		};
		40358FD42A5E78B000526877 /* news */ = {
			isa = PBXGroup;
			children = (
				40358FD52A5E793000526877 /* NewsTableViewController.h */,
				40358FD62A5E793000526877 /* NewsTableViewController.m */,
			);
			path = news;
			sourceTree = "<group>";
		};
		40358FD82A5E7DAE00526877 /* News */ = {
			isa = PBXGroup;
			children = (
				40358FEB2A5E800800526877 /* ANewView.h */,
				40358FEC2A5E800800526877 /* ANewView.m */,
				40358FDC2A5E7E3100526877 /* TopView.h */,
				40358FDD2A5E7E3100526877 /* TopView.m */,
				40358FDF2A5E7EC000526877 /* BodyView.h */,
				40358FE02A5E7EC000526877 /* BodyView.m */,
				40358FE22A5E7ED600526877 /* TextBodyView.h */,
				40358FE32A5E7ED600526877 /* TextBodyView.m */,
				40358FE52A5E7F0900526877 /* PicBodyView.h */,
				40358FE62A5E7F0900526877 /* PicBodyView.m */,
				40358FE82A5E7F2800526877 /* BottomView.h */,
				40358FE92A5E7F2800526877 /* BottomView.m */,
			);
			path = News;
			sourceTree = "<group>";
		};
		40A76E0D2A4EA74C00969496 /* Model */ = {
			isa = PBXGroup;
			children = (
				40A76E0E2A4EA7EC00969496 /* Person.h */,
				40A76E0F2A4EA7EC00969496 /* Person.m */,
				40A76E112A4EB1C400969496 /* Group.h */,
				40A76E122A4EB1C400969496 /* Group.m */,
				40F082452A5810FF005EF033 /* AMessage.h */,
				40F082462A5810FF005EF033 /* AMessage.m */,
				40F6C81F2A60F0C200AEB9B7 /* ANew.h */,
				40F6C8202A60F0C200AEB9B7 /* ANew.m */,
			);
			path = Model;
			sourceTree = "<group>";
		};
		40A76E142A4EBEBA00969496 /* View */ = {
			isa = PBXGroup;
			children = (
				40FC76AE2AF7F2C1002716B9 /* cell */,
				40358FD82A5E7DAE00526877 /* News */,
				40FC76BB2AF7F4B3002716B9 /* KUILabel.h */,
				40FC76BA2AF7F4B3002716B9 /* KUILabel.m */,
				40A76E182A4ECCAD00969496 /* SectionView.h */,
				40A76E192A4ECCAD00969496 /* SectionView.m */,
				40CEB3212AE8BA600092C438 /* CommentView.h */,
				40CEB3222AE8BA860092C438 /* CommentView.m */,
				40FAB2C32AEB5B54009D1145 /* ImageZoom.h */,
				40FAB2C42AEB5C04009D1145 /* ImageZoom.m */,
				40D8B0FB2AF39080003E6C6E /* SCCustomButton.h */,
				40D8B0FC2AF390A7003E6C6E /* SCCustomButton.m */,
			);
			path = View;
			sourceTree = "<group>";
		};
		40AEAF582AF8DE6A00B15D54 /* manager */ = {
			isa = PBXGroup;
			children = (
				40AEAF592AF8DECD00B15D54 /* JHControllerManager.h */,
				40AEAF5A2AF8DEDF00B15D54 /* JHControllerManager.m */,
			);
			path = manager;
			sourceTree = "<group>";
		};
		40D1979F2A47E80800674955 = {
			isa = PBXGroup;
			children = (
				40D197AA2A47E80800674955 /* demo */,
				40D197C62A47E80B00674955 /* demoTests */,
				40D197D02A47E80B00674955 /* demoUITests */,
				40D197A92A47E80800674955 /* Products */,
				87400D38309FFE5A1EEB56CD /* Pods */,
				018697331BE1F68E9CE24948 /* Frameworks */,
			);
			sourceTree = "<group>";
		};
		40D197A92A47E80800674955 /* Products */ = {
			isa = PBXGroup;
			children = (
				40D197A82A47E80800674955 /* demo.app */,
				40D197C32A47E80B00674955 /* demoTests.xctest */,
				40D197CD2A47E80B00674955 /* demoUITests.xctest */,
			);
			name = Products;
			sourceTree = "<group>";
		};
		40D197AA2A47E80800674955 /* demo */ = {
			isa = PBXGroup;
			children = (
				40D197AB2A47E80800674955 /* AppDelegate.h */,
				40D197AC2A47E80800674955 /* AppDelegate.m */,
				40A76E0D2A4EA74C00969496 /* Model */,
				40A76E142A4EBEBA00969496 /* View */,
				40ED95F52A542C22002A9CA9 /* Controller */,
				40FC76AF2AF7F30D002716B9 /* extension */,
				40AEAF582AF8DE6A00B15D54 /* manager */,
				40D197B72A47E80B00674955 /* Assets.xcassets */,
				40D197BC2A47E80B00674955 /* Info.plist */,
				404A984E2A52B75E0021556B /* friends.plist */,
				4010473C2A5B9F7C00C867C4 /* messages.plist */,
				40F6C81D2A60F03400AEB9B7 /* someNews.plist */,
				40D197B92A47E80B00674955 /* LaunchScreen.storyboard */,
				40D197BD2A47E80B00674955 /* main.m */,
				40FC76B02AF7F38F002716B9 /* base */,
				40AEAF5F2AF8E43800B15D54 /* JHUserDefaultStatus.h */,
				40AEAF602AF8E45500B15D54 /* JHUserDefaultStatus.m */,
			);
			path = demo;
			sourceTree = "<group>";
		};
		40D197C62A47E80B00674955 /* demoTests */ = {
			isa = PBXGroup;
			children = (
				40D197C72A47E80B00674955 /* demoTests.m */,
			);
			path = demoTests;
			sourceTree = "<group>";
		};
		40D197D02A47E80B00674955 /* demoUITests */ = {
			isa = PBXGroup;
			children = (
				40D197D12A47E80B00674955 /* demoUITests.m */,
				40D197D32A47E80B00674955 /* demoUITestsLaunchTests.m */,
			);
			path = demoUITests;
			sourceTree = "<group>";
		};
		40ED95F52A542C22002A9CA9 /* Controller */ = {
			isa = PBXGroup;
			children = (
				40AEAF5C2AF8E17E00B15D54 /* LoginViewController.h */,
				40AEAF5D2AF8E19500B15D54 /* LoginViewController.m */,
				40D1608B2AF9D37A000198B7 /* SettingViewController.h */,
				40D1608C2AF9D38E000198B7 /* SettingViewController.m */,
				40D197B12A47E80800674955 /* ViewController.h */,
				40D197B22A47E80800674955 /* ViewController.m */,
				40D8B1022AF3B1D1003E6C6E /* NormalTableVC.h */,
				40D8B1032AF3B1E8003E6C6E /* NormalTableVC.m */,
				40E3E4232AF4E4800066D4B9 /* PageViewController.h */,
				40E3E4242AF4E4980066D4B9 /* PageViewController.m */,
				40185BBA2AEEADC4009DC944 /* SlideViewController.h */,
				40185BBB2AEEADEF009DC944 /* SlideViewController.m */,
				40ED95F62A542CCE002A9CA9 /* TabBarController.h */,
				40ED95F72A542CCE002A9CA9 /* TabBarController.m */,
				40F0823F2A57E0B0005EF033 /* SearchViewController.h */,
				40F082402A57E0B0005EF033 /* SearchViewController.m */,
				40F0823C2A57BE00005EF033 /* SearchController.h */,
				40F0823D2A57BE00005EF033 /* SearchController.m */,
				40FC76A32AF757D7002716B9 /* AddFriendViewController.h */,
				40FC76A42AF75801002716B9 /* AddFriendViewController.m */,
				40FC76B82AF7F46E002716B9 /* CusViewController.h */,
				40FC76B72AF7F46E002716B9 /* CusViewController.m */,
				40CACDC62B03554300400A58 /* PersonInfoViewController.h */,
				40CACDC72B03556A00400A58 /* PersonInfoViewController.m */,
				40FC76A22AF7575B002716B9 /* message */,
				40FC76A12AF7572A002716B9 /* contact */,
				40358FD42A5E78B000526877 /* news */,
			);
			path = Controller;
			sourceTree = "<group>";
		};
		40FC76A12AF7572A002716B9 /* contact */ = {
			isa = PBXGroup;
			children = (
				405913FA2A4AE4990073C036 /* TableViewController.h */,
				405913FB2A4AE4990073C036 /* TableViewController.m */,
			);
			path = contact;
			sourceTree = "<group>";
		};
		40FC76A22AF7575B002716B9 /* message */ = {
			isa = PBXGroup;
			children = (
				40F082422A57FDBA005EF033 /* MsgTableViewController.h */,
				40F082432A57FDBA005EF033 /* MsgTableViewController.m */,
			);
			path = message;
			sourceTree = "<group>";
		};
		40FC76AE2AF7F2C1002716B9 /* cell */ = {
			isa = PBXGroup;
			children = (
				40FC76A82AF7F2A8002716B9 /* CusLeftCell.h */,
				40FC76AA2AF7F2A9002716B9 /* CusLeftCell.m */,
				40FC76AB2AF7F2AA002716B9 /* CusRightCell.h */,
				40FC76A92AF7F2A8002716B9 /* CusRightCell.m */,
				40D8B0F82AF383DC003E6C6E /* SlideCell.h */,
				40D8B0F92AF383F3003E6C6E /* SlideCell.m */,
				40A76E152A4EC01400969496 /* PersonCell.h */,
				40A76E162A4EC01400969496 /* PersonCell.m */,
				40F082482A5813A8005EF033 /* MessageCell.h */,
				40F082492A5813A8005EF033 /* MessageCell.m */,
			);
			path = cell;
			sourceTree = "<group>";
		};
		40FC76AF2AF7F30D002716B9 /* extension */ = {
			isa = PBXGroup;
			children = (
				40D8B0FF2AF39151003E6C6E /* UIView+SCLayout.h */,
				40D8B0FE2AF39150003E6C6E /* UIView+SCLayout.m */,
			);
			path = extension;
			sourceTree = "<group>";
		};
		40FC76B02AF7F38F002716B9 /* base */ = {
			isa = PBXGroup;
			children = (
				40FC76C92AF7F568002716B9 /* ChatTailLeft.h */,
				40FC76C72AF7F567002716B9 /* ChatTailLeft.m */,
				40FC76C62AF7F567002716B9 /* ChatTailRight.h */,
				40FC76C82AF7F567002716B9 /* ChatTailRight.m */,
				40FC76C32AF7F546002716B9 /* ChartCommon.h */,
				40FC76C42AF7F546002716B9 /* ChartCommon.m */,
				40FC76BE2AF7F526002716B9 /* ChatWXLeft.h */,
				40FC76BF2AF7F526002716B9 /* ChatWXLeft.m */,
				40FC76BD2AF7F526002716B9 /* ChatWXRight.h */,
				40FC76C02AF7F527002716B9 /* ChatWXRight.m */,
				40FC76B12AF7F3C2002716B9 /* ChatBaseLeft.h */,
				40FC76B32AF7F3C2002716B9 /* ChatBaseLeft.m */,
				40FC76B42AF7F3C3002716B9 /* ChatBaseRight.h */,
				40FC76B22AF7F3C2002716B9 /* ChatBaseRight.m */,
				40CEB3242AE8C76F0092C438 /* Delegate.h */,
				40FC76A72AF7DCFD002716B9 /* Macro.h */,
			);
			path = base;
			sourceTree = "<group>";
		};
		87400D38309FFE5A1EEB56CD /* Pods */ = {
			isa = PBXGroup;
			children = (
				ED5BC84677DFAF3782C53CFD /* Pods-demo.debug.xcconfig */,
				5C97F5A504CBDF7702089946 /* Pods-demo.release.xcconfig */,
			);
			path = Pods;
			sourceTree = "<group>";
		};
/* End PBXGroup section */

/* Begin PBXNativeTarget section */
		40D197A72A47E80800674955 /* demo */ = {
			isa = PBXNativeTarget;
			buildConfigurationList = 40D197D72A47E80B00674955 /* Build configuration list for PBXNativeTarget "demo" */;
			buildPhases = (
				436A247E895851783991B150 /* [CP] Check Pods Manifest.lock */,
				40D197A42A47E80800674955 /* Sources */,
				40D197A52A47E80800674955 /* Frameworks */,
				40D197A62A47E80800674955 /* Resources */,
				074396CD5C5B2A8F6E19A0BB /* [CP] Copy Pods Resources */,
			);
			buildRules = (
			);
			dependencies = (
			);
			name = demo;
			productName = demo;
			productReference = 40D197A82A47E80800674955 /* demo.app */;
			productType = "com.apple.product-type.application";
		};
		40D197C22A47E80B00674955 /* demoTests */ = {
			isa = PBXNativeTarget;
			buildConfigurationList = 40D197DA2A47E80B00674955 /* Build configuration list for PBXNativeTarget "demoTests" */;
			buildPhases = (
				40D197BF2A47E80B00674955 /* Sources */,
				40D197C02A47E80B00674955 /* Frameworks */,
				40D197C12A47E80B00674955 /* Resources */,
			);
			buildRules = (
			);
			dependencies = (
				40D197C52A47E80B00674955 /* PBXTargetDependency */,
			);
			name = demoTests;
			productName = demoTests;
			productReference = 40D197C32A47E80B00674955 /* demoTests.xctest */;
			productType = "com.apple.product-type.bundle.unit-test";
		};
		40D197CC2A47E80B00674955 /* demoUITests */ = {
			isa = PBXNativeTarget;
			buildConfigurationList = 40D197DD2A47E80B00674955 /* Build configuration list for PBXNativeTarget "demoUITests" */;
			buildPhases = (
				40D197C92A47E80B00674955 /* Sources */,
				40D197CA2A47E80B00674955 /* Frameworks */,
				40D197CB2A47E80B00674955 /* Resources */,
			);
			buildRules = (
			);
			dependencies = (
				40D197CF2A47E80B00674955 /* PBXTargetDependency */,
			);
			name = demoUITests;
			productName = demoUITests;
			productReference = 40D197CD2A47E80B00674955 /* demoUITests.xctest */;
			productType = "com.apple.product-type.bundle.ui-testing";
		};
/* End PBXNativeTarget section */

/* Begin PBXProject section */
		40D197A02A47E80800674955 /* Project object */ = {
			isa = PBXProject;
			attributes = {
				BuildIndependentTargetsInParallel = 1;
				LastUpgradeCheck = 1430;
				TargetAttributes = {
					40D197A72A47E80800674955 = {
						CreatedOnToolsVersion = 14.3.1;
					};
					40D197C22A47E80B00674955 = {
						CreatedOnToolsVersion = 14.3.1;
						TestTargetID = 40D197A72A47E80800674955;
					};
					40D197CC2A47E80B00674955 = {
						CreatedOnToolsVersion = 14.3.1;
						TestTargetID = 40D197A72A47E80800674955;
					};
				};
			};
			buildConfigurationList = 40D197A32A47E80800674955 /* Build configuration list for PBXProject "demo" */;
			compatibilityVersion = "Xcode 14.0";
			developmentRegion = en;
			hasScannedForEncodings = 0;
			knownRegions = (
				en,
				Base,
			);
			mainGroup = 40D1979F2A47E80800674955;
			productRefGroup = 40D197A92A47E80800674955 /* Products */;
			projectDirPath = "";
			projectRoot = "";
			targets = (
				40D197A72A47E80800674955 /* demo */,
				40D197C22A47E80B00674955 /* demoTests */,
				40D197CC2A47E80B00674955 /* demoUITests */,
			);
		};
/* End PBXProject section */

/* Begin PBXResourcesBuildPhase section */
		40D197A62A47E80800674955 /* Resources */ = {
			isa = PBXResourcesBuildPhase;
			buildActionMask = 2147483647;
			files = (
				40F6C81E2A60F03400AEB9B7 /* someNews.plist in Resources */,
				4010473D2A5B9F7C00C867C4 /* messages.plist in Resources */,
				40D197BB2A47E80B00674955 /* LaunchScreen.storyboard in Resources */,
				40D197B82A47E80B00674955 /* Assets.xcassets in Resources */,
				404A984F2A52B75E0021556B /* friends.plist in Resources */,
			);
			runOnlyForDeploymentPostprocessing = 0;
		};
		40D197C12A47E80B00674955 /* Resources */ = {
			isa = PBXResourcesBuildPhase;
			buildActionMask = 2147483647;
			files = (
			);
			runOnlyForDeploymentPostprocessing = 0;
		};
		40D197CB2A47E80B00674955 /* Resources */ = {
			isa = PBXResourcesBuildPhase;
			buildActionMask = 2147483647;
			files = (
			);
			runOnlyForDeploymentPostprocessing = 0;
		};
/* End PBXResourcesBuildPhase section */

/* Begin PBXShellScriptBuildPhase section */
		074396CD5C5B2A8F6E19A0BB /* [CP] Copy Pods Resources */ = {
			isa = PBXShellScriptBuildPhase;
			buildActionMask = 2147483647;
			files = (
			);
			inputFileListPaths = (
				"${PODS_ROOT}/Target Support Files/Pods-demo/Pods-demo-resources-${CONFIGURATION}-input-files.xcfilelist",
			);
			name = "[CP] Copy Pods Resources";
			outputFileListPaths = (
				"${PODS_ROOT}/Target Support Files/Pods-demo/Pods-demo-resources-${CONFIGURATION}-output-files.xcfilelist",
			);
			runOnlyForDeploymentPostprocessing = 0;
			shellPath = /bin/sh;
			shellScript = "\"${PODS_ROOT}/Target Support Files/Pods-demo/Pods-demo-resources.sh\"\n";
			showEnvVarsInLog = 0;
		};
		436A247E895851783991B150 /* [CP] Check Pods Manifest.lock */ = {
			isa = PBXShellScriptBuildPhase;
			buildActionMask = 2147483647;
			files = (
			);
			inputFileListPaths = (
			);
			inputPaths = (
				"${PODS_PODFILE_DIR_PATH}/Podfile.lock",
				"${PODS_ROOT}/Manifest.lock",
			);
			name = "[CP] Check Pods Manifest.lock";
			outputFileListPaths = (
			);
			outputPaths = (
				"$(DERIVED_FILE_DIR)/Pods-demo-checkManifestLockResult.txt",
			);
			runOnlyForDeploymentPostprocessing = 0;
			shellPath = /bin/sh;
			shellScript = "diff \"${PODS_PODFILE_DIR_PATH}/Podfile.lock\" \"${PODS_ROOT}/Manifest.lock\" > /dev/null\nif [ $? != 0 ] ; then\n    # print error to STDERR\n    echo \"error: The sandbox is not in sync with the Podfile.lock. Run 'pod install' or update your CocoaPods installation.\" >&2\n    exit 1\nfi\n# This output is used by Xcode 'outputs' to avoid re-running this script phase.\necho \"SUCCESS\" > \"${SCRIPT_OUTPUT_FILE_0}\"\n";
			showEnvVarsInLog = 0;
		};
/* End PBXShellScriptBuildPhase section */

/* Begin PBXSourcesBuildPhase section */
		40D197A42A47E80800674955 /* Sources */ = {
			isa = PBXSourcesBuildPhase;
			buildActionMask = 2147483647;
			files = (
				40A76E1A2A4ECCAD00969496 /* SectionView.m in Sources */,
				40FC76A52AF75801002716B9 /* AddFriendViewController.m in Sources */,
				40FC76AD2AF7F2AA002716B9 /* CusLeftCell.m in Sources */,
				40D8B1042AF3B1E8003E6C6E /* NormalTableVC.m in Sources */,
				40FC76B92AF7F46E002716B9 /* CusViewController.m in Sources */,
				40D197B32A47E80800674955 /* ViewController.m in Sources */,
				40F6C8212A60F0C200AEB9B7 /* ANew.m in Sources */,
				40D197AD2A47E80800674955 /* AppDelegate.m in Sources */,
				40358FEA2A5E7F2800526877 /* BottomView.m in Sources */,
				40FC76BC2AF7F4B3002716B9 /* KUILabel.m in Sources */,
				40ED95F82A542CCE002A9CA9 /* TabBarController.m in Sources */,
				40A76E172A4EC01400969496 /* PersonCell.m in Sources */,
				40D8B0FA2AF383F3003E6C6E /* SlideCell.m in Sources */,
				40D8B1002AF39151003E6C6E /* UIView+SCLayout.m in Sources */,
				40185BBC2AEEADEF009DC944 /* SlideViewController.m in Sources */,
				40358FE72A5E7F0900526877 /* PicBodyView.m in Sources */,
				40FC76C22AF7F527002716B9 /* ChatWXRight.m in Sources */,
				40F0824A2A5813A8005EF033 /* MessageCell.m in Sources */,
				40FC76C12AF7F527002716B9 /* ChatWXLeft.m in Sources */,
				40FC76CA2AF7F568002716B9 /* ChatTailLeft.m in Sources */,
				40AEAF5E2AF8E19500B15D54 /* LoginViewController.m in Sources */,
				40358FE12A5E7EC000526877 /* BodyView.m in Sources */,
				40358FE42A5E7ED600526877 /* TextBodyView.m in Sources */,
				40358FD72A5E793000526877 /* NewsTableViewController.m in Sources */,
				40358FED2A5E800800526877 /* ANewView.m in Sources */,
				40FC76AC2AF7F2AA002716B9 /* CusRightCell.m in Sources */,
				40F082442A57FDBA005EF033 /* MsgTableViewController.m in Sources */,
				40A76E102A4EA7EC00969496 /* Person.m in Sources */,
				40A76E132A4EB1C400969496 /* Group.m in Sources */,
				40FC76CB2AF7F568002716B9 /* ChatTailRight.m in Sources */,
				40AEAF612AF8E45500B15D54 /* JHUserDefaultStatus.m in Sources */,
				40FC76C52AF7F546002716B9 /* ChartCommon.m in Sources */,
				40D197BE2A47E80B00674955 /* main.m in Sources */,
				40D1608D2AF9D38E000198B7 /* SettingViewController.m in Sources */,
				40F082412A57E0B0005EF033 /* SearchViewController.m in Sources */,
				40FC76B62AF7F3C3002716B9 /* ChatBaseLeft.m in Sources */,
				40CACDC82B03556A00400A58 /* PersonInfoViewController.m in Sources */,
				40358FDE2A5E7E3100526877 /* TopView.m in Sources */,
				40E3E4252AF4E4980066D4B9 /* PageViewController.m in Sources */,
				40F082472A5810FF005EF033 /* AMessage.m in Sources */,
				40AEAF5B2AF8DEDF00B15D54 /* JHControllerManager.m in Sources */,
				405913FC2A4AE4990073C036 /* TableViewController.m in Sources */,
				40CEB3232AE8BA860092C438 /* CommentView.m in Sources */,
				40D8B0FD2AF390A7003E6C6E /* SCCustomButton.m in Sources */,
				40FAB2C52AEB5C04009D1145 /* ImageZoom.m in Sources */,
				40F0823E2A57BE00005EF033 /* SearchController.m in Sources */,
				40FC76B52AF7F3C3002716B9 /* ChatBaseRight.m in Sources */,
			);
			runOnlyForDeploymentPostprocessing = 0;
		};
		40D197BF2A47E80B00674955 /* Sources */ = {
			isa = PBXSourcesBuildPhase;
			buildActionMask = 2147483647;
			files = (
				40D197C82A47E80B00674955 /* demoTests.m in Sources */,
			);
			runOnlyForDeploymentPostprocessing = 0;
		};
		40D197C92A47E80B00674955 /* Sources */ = {
			isa = PBXSourcesBuildPhase;
			buildActionMask = 2147483647;
			files = (
				40D197D22A47E80B00674955 /* demoUITests.m in Sources */,
				40D197D42A47E80B00674955 /* demoUITestsLaunchTests.m in Sources */,
			);
			runOnlyForDeploymentPostprocessing = 0;
		};
/* End PBXSourcesBuildPhase section */

/* Begin PBXTargetDependency section */
		40D197C52A47E80B00674955 /* PBXTargetDependency */ = {
			isa = PBXTargetDependency;
			target = 40D197A72A47E80800674955 /* demo */;
			targetProxy = 40D197C42A47E80B00674955 /* PBXContainerItemProxy */;
		};
		40D197CF2A47E80B00674955 /* PBXTargetDependency */ = {
			isa = PBXTargetDependency;
			target = 40D197A72A47E80800674955 /* demo */;
			targetProxy = 40D197CE2A47E80B00674955 /* PBXContainerItemProxy */;
		};
/* End PBXTargetDependency section */

/* Begin PBXVariantGroup section */
		40D197B92A47E80B00674955 /* LaunchScreen.storyboard */ = {
			isa = PBXVariantGroup;
			children = (
				40D197BA2A47E80B00674955 /* Base */,
			);
			name = LaunchScreen.storyboard;
			sourceTree = "<group>";
		};
/* End PBXVariantGroup section */

/* Begin XCBuildConfiguration section */
		40D197D52A47E80B00674955 /* Debug */ = {
			isa = XCBuildConfiguration;
			buildSettings = {
				ALWAYS_SEARCH_USER_PATHS = NO;
				CLANG_ANALYZER_NONNULL = YES;
				CLANG_ANALYZER_NUMBER_OBJECT_CONVERSION = YES_AGGRESSIVE;
				CLANG_CXX_LANGUAGE_STANDARD = "gnu++20";
				CLANG_ENABLE_MODULES = YES;
				CLANG_ENABLE_OBJC_ARC = YES;
				CLANG_ENABLE_OBJC_WEAK = YES;
				CLANG_WARN_BLOCK_CAPTURE_AUTORELEASING = YES;
				CLANG_WARN_BOOL_CONVERSION = YES;
				CLANG_WARN_COMMA = YES;
				CLANG_WARN_CONSTANT_CONVERSION = YES;
				CLANG_WARN_DEPRECATED_OBJC_IMPLEMENTATIONS = YES;
				CLANG_WARN_DIRECT_OBJC_ISA_USAGE = YES_ERROR;
				CLANG_WARN_DOCUMENTATION_COMMENTS = YES;
				CLANG_WARN_EMPTY_BODY = YES;
				CLANG_WARN_ENUM_CONVERSION = YES;
				CLANG_WARN_INFINITE_RECURSION = YES;
				CLANG_WARN_INT_CONVERSION = YES;
				CLANG_WARN_NON_LITERAL_NULL_CONVERSION = YES;
				CLANG_WARN_OBJC_IMPLICIT_RETAIN_SELF = YES;
				CLANG_WARN_OBJC_LITERAL_CONVERSION = YES;
				CLANG_WARN_OBJC_ROOT_CLASS = YES_ERROR;
				CLANG_WARN_QUOTED_INCLUDE_IN_FRAMEWORK_HEADER = YES;
				CLANG_WARN_RANGE_LOOP_ANALYSIS = YES;
				CLANG_WARN_STRICT_PROTOTYPES = YES;
				CLANG_WARN_SUSPICIOUS_MOVE = YES;
				CLANG_WARN_UNGUARDED_AVAILABILITY = YES_AGGRESSIVE;
				CLANG_WARN_UNREACHABLE_CODE = YES;
				CLANG_WARN__DUPLICATE_METHOD_MATCH = YES;
				COPY_PHASE_STRIP = NO;
				DEBUG_INFORMATION_FORMAT = dwarf;
				ENABLE_STRICT_OBJC_MSGSEND = YES;
				ENABLE_TESTABILITY = YES;
				GCC_C_LANGUAGE_STANDARD = gnu11;
				GCC_DYNAMIC_NO_PIC = NO;
				GCC_NO_COMMON_BLOCKS = YES;
				GCC_OPTIMIZATION_LEVEL = 0;
				GCC_PREPROCESSOR_DEFINITIONS = (
					"DEBUG=1",
					"$(inherited)",
				);
				GCC_WARN_64_TO_32_BIT_CONVERSION = YES;
				GCC_WARN_ABOUT_RETURN_TYPE = YES_ERROR;
				GCC_WARN_UNDECLARED_SELECTOR = YES;
				GCC_WARN_UNINITIALIZED_AUTOS = YES_AGGRESSIVE;
				GCC_WARN_UNUSED_FUNCTION = YES;
				GCC_WARN_UNUSED_VARIABLE = YES;
				IPHONEOS_DEPLOYMENT_TARGET = 15.0;
				MTL_ENABLE_DEBUG_INFO = INCLUDE_SOURCE;
				MTL_FAST_MATH = YES;
				ONLY_ACTIVE_ARCH = YES;
				SDKROOT = iphoneos;
			};
			name = Debug;
		};
		40D197D62A47E80B00674955 /* Release */ = {
			isa = XCBuildConfiguration;
			buildSettings = {
				ALWAYS_SEARCH_USER_PATHS = NO;
				CLANG_ANALYZER_NONNULL = YES;
				CLANG_ANALYZER_NUMBER_OBJECT_CONVERSION = YES_AGGRESSIVE;
				CLANG_CXX_LANGUAGE_STANDARD = "gnu++20";
				CLANG_ENABLE_MODULES = YES;
				CLANG_ENABLE_OBJC_ARC = YES;
				CLANG_ENABLE_OBJC_WEAK = YES;
				CLANG_WARN_BLOCK_CAPTURE_AUTORELEASING = YES;
				CLANG_WARN_BOOL_CONVERSION = YES;
				CLANG_WARN_COMMA = YES;
				CLANG_WARN_CONSTANT_CONVERSION = YES;
				CLANG_WARN_DEPRECATED_OBJC_IMPLEMENTATIONS = YES;
				CLANG_WARN_DIRECT_OBJC_ISA_USAGE = YES_ERROR;
				CLANG_WARN_DOCUMENTATION_COMMENTS = YES;
				CLANG_WARN_EMPTY_BODY = YES;
				CLANG_WARN_ENUM_CONVERSION = YES;
				CLANG_WARN_INFINITE_RECURSION = YES;
				CLANG_WARN_INT_CONVERSION = YES;
				CLANG_WARN_NON_LITERAL_NULL_CONVERSION = YES;
				CLANG_WARN_OBJC_IMPLICIT_RETAIN_SELF = YES;
				CLANG_WARN_OBJC_LITERAL_CONVERSION = YES;
				CLANG_WARN_OBJC_ROOT_CLASS = YES_ERROR;
				CLANG_WARN_QUOTED_INCLUDE_IN_FRAMEWORK_HEADER = YES;
				CLANG_WARN_RANGE_LOOP_ANALYSIS = YES;
				CLANG_WARN_STRICT_PROTOTYPES = YES;
				CLANG_WARN_SUSPICIOUS_MOVE = YES;
				CLANG_WARN_UNGUARDED_AVAILABILITY = YES_AGGRESSIVE;
				CLANG_WARN_UNREACHABLE_CODE = YES;
				CLANG_WARN__DUPLICATE_METHOD_MATCH = YES;
				COPY_PHASE_STRIP = NO;
				DEBUG_INFORMATION_FORMAT = "dwarf-with-dsym";
				ENABLE_NS_ASSERTIONS = NO;
				ENABLE_STRICT_OBJC_MSGSEND = YES;
				GCC_C_LANGUAGE_STANDARD = gnu11;
				GCC_NO_COMMON_BLOCKS = YES;
				GCC_WARN_64_TO_32_BIT_CONVERSION = YES;
				GCC_WARN_ABOUT_RETURN_TYPE = YES_ERROR;
				GCC_WARN_UNDECLARED_SELECTOR = YES;
				GCC_WARN_UNINITIALIZED_AUTOS = YES_AGGRESSIVE;
				GCC_WARN_UNUSED_FUNCTION = YES;
				GCC_WARN_UNUSED_VARIABLE = YES;
				IPHONEOS_DEPLOYMENT_TARGET = 15.0;
				MTL_ENABLE_DEBUG_INFO = NO;
				MTL_FAST_MATH = YES;
				SDKROOT = iphoneos;
				VALIDATE_PRODUCT = YES;
			};
			name = Release;
		};
		40D197D82A47E80B00674955 /* Debug */ = {
			isa = XCBuildConfiguration;
			baseConfigurationReference = ED5BC84677DFAF3782C53CFD /* Pods-demo.debug.xcconfig */;
			buildSettings = {
				ASSETCATALOG_COMPILER_APPICON_NAME = AppIcon;
				ASSETCATALOG_COMPILER_GLOBAL_ACCENT_COLOR_NAME = AccentColor;
				CODE_SIGN_STYLE = Automatic;
				CURRENT_PROJECT_VERSION = 1;
				DEVELOPMENT_TEAM = 6PRVYUP6YN;
				GENERATE_INFOPLIST_FILE = YES;
				INFOPLIST_FILE = demo/Info.plist;
				INFOPLIST_KEY_UIApplicationSupportsIndirectInputEvents = YES;
				INFOPLIST_KEY_UILaunchStoryboardName = LaunchScreen;
				INFOPLIST_KEY_UIMainStoryboardFile = "";
				INFOPLIST_KEY_UISupportedInterfaceOrientations_iPad = "UIInterfaceOrientationPortrait UIInterfaceOrientationPortraitUpsideDown UIInterfaceOrientationLandscapeLeft UIInterfaceOrientationLandscapeRight";
				INFOPLIST_KEY_UISupportedInterfaceOrientations_iPhone = "UIInterfaceOrientationPortrait UIInterfaceOrientationLandscapeLeft UIInterfaceOrientationLandscapeRight";
				IPHONEOS_DEPLOYMENT_TARGET = 15.0;
				LD_RUNPATH_SEARCH_PATHS = (
					"$(inherited)",
					"@executable_path/Frameworks",
				);
				MARKETING_VERSION = 1.0;
				PRODUCT_BUNDLE_IDENTIFIER = abakus.demo;
				PRODUCT_NAME = "$(TARGET_NAME)";
				SWIFT_EMIT_LOC_STRINGS = YES;
				TARGETED_DEVICE_FAMILY = "1,2";
			};
			name = Debug;
		};
		40D197D92A47E80B00674955 /* Release */ = {
			isa = XCBuildConfiguration;
			baseConfigurationReference = 5C97F5A504CBDF7702089946 /* Pods-demo.release.xcconfig */;
			buildSettings = {
				ASSETCATALOG_COMPILER_APPICON_NAME = AppIcon;
				ASSETCATALOG_COMPILER_GLOBAL_ACCENT_COLOR_NAME = AccentColor;
				CODE_SIGN_STYLE = Automatic;
				CURRENT_PROJECT_VERSION = 1;
				DEVELOPMENT_TEAM = 6PRVYUP6YN;
				GENERATE_INFOPLIST_FILE = YES;
				INFOPLIST_FILE = demo/Info.plist;
				INFOPLIST_KEY_UIApplicationSupportsIndirectInputEvents = YES;
				INFOPLIST_KEY_UILaunchStoryboardName = LaunchScreen;
				INFOPLIST_KEY_UISupportedInterfaceOrientations_iPad = "UIInterfaceOrientationPortrait UIInterfaceOrientationPortraitUpsideDown UIInterfaceOrientationLandscapeLeft UIInterfaceOrientationLandscapeRight";
				INFOPLIST_KEY_UISupportedInterfaceOrientations_iPhone = "UIInterfaceOrientationPortrait UIInterfaceOrientationLandscapeLeft UIInterfaceOrientationLandscapeRight";
				IPHONEOS_DEPLOYMENT_TARGET = 15.0;
				LD_RUNPATH_SEARCH_PATHS = (
					"$(inherited)",
					"@executable_path/Frameworks",
				);
				MARKETING_VERSION = 1.0;
				PRODUCT_BUNDLE_IDENTIFIER = abakus.demo;
				PRODUCT_NAME = "$(TARGET_NAME)";
				SWIFT_EMIT_LOC_STRINGS = YES;
				TARGETED_DEVICE_FAMILY = "1,2";
			};
			name = Release;
		};
		40D197DB2A47E80B00674955 /* Debug */ = {
			isa = XCBuildConfiguration;
			buildSettings = {
				BUNDLE_LOADER = "$(TEST_HOST)";
				CODE_SIGN_STYLE = Automatic;
				CURRENT_PROJECT_VERSION = 1;
				DEVELOPMENT_TEAM = 6PRVYUP6YN;
				GENERATE_INFOPLIST_FILE = YES;
				IPHONEOS_DEPLOYMENT_TARGET = 15.0;
				MARKETING_VERSION = 1.0;
				PRODUCT_BUNDLE_IDENTIFIER = abakus.demoTests;
				PRODUCT_NAME = "$(TARGET_NAME)";
				SWIFT_EMIT_LOC_STRINGS = NO;
				TARGETED_DEVICE_FAMILY = "1,2";
				TEST_HOST = "$(BUILT_PRODUCTS_DIR)/demo.app/$(BUNDLE_EXECUTABLE_FOLDER_PATH)/demo";
			};
			name = Debug;
		};
		40D197DC2A47E80B00674955 /* Release */ = {
			isa = XCBuildConfiguration;
			buildSettings = {
				BUNDLE_LOADER = "$(TEST_HOST)";
				CODE_SIGN_STYLE = Automatic;
				CURRENT_PROJECT_VERSION = 1;
				DEVELOPMENT_TEAM = 6PRVYUP6YN;
				GENERATE_INFOPLIST_FILE = YES;
				IPHONEOS_DEPLOYMENT_TARGET = 15.0;
				MARKETING_VERSION = 1.0;
				PRODUCT_BUNDLE_IDENTIFIER = abakus.demoTests;
				PRODUCT_NAME = "$(TARGET_NAME)";
				SWIFT_EMIT_LOC_STRINGS = NO;
				TARGETED_DEVICE_FAMILY = "1,2";
				TEST_HOST = "$(BUILT_PRODUCTS_DIR)/demo.app/$(BUNDLE_EXECUTABLE_FOLDER_PATH)/demo";
			};
			name = Release;
		};
		40D197DE2A47E80B00674955 /* Debug */ = {
			isa = XCBuildConfiguration;
			buildSettings = {
				CODE_SIGN_STYLE = Automatic;
				CURRENT_PROJECT_VERSION = 1;
				DEVELOPMENT_TEAM = 6PRVYUP6YN;
				GENERATE_INFOPLIST_FILE = YES;
				MARKETING_VERSION = 1.0;
				PRODUCT_BUNDLE_IDENTIFIER = abakus.demoUITests;
				PRODUCT_NAME = "$(TARGET_NAME)";
				SWIFT_EMIT_LOC_STRINGS = NO;
				TARGETED_DEVICE_FAMILY = "1,2";
				TEST_TARGET_NAME = demo;
			};
			name = Debug;
		};
		40D197DF2A47E80B00674955 /* Release */ = {
			isa = XCBuildConfiguration;
			buildSettings = {
				CODE_SIGN_STYLE = Automatic;
				CURRENT_PROJECT_VERSION = 1;
				DEVELOPMENT_TEAM = 6PRVYUP6YN;
				GENERATE_INFOPLIST_FILE = YES;
				MARKETING_VERSION = 1.0;
				PRODUCT_BUNDLE_IDENTIFIER = abakus.demoUITests;
				PRODUCT_NAME = "$(TARGET_NAME)";
				SWIFT_EMIT_LOC_STRINGS = NO;
				TARGETED_DEVICE_FAMILY = "1,2";
				TEST_TARGET_NAME = demo;
			};
			name = Release;
		};
/* End XCBuildConfiguration section */

/* Begin XCConfigurationList section */
		40D197A32A47E80800674955 /* Build configuration list for PBXProject "demo" */ = {
			isa = XCConfigurationList;
			buildConfigurations = (
				40D197D52A47E80B00674955 /* Debug */,
				40D197D62A47E80B00674955 /* Release */,
			);
			defaultConfigurationIsVisible = 0;
			defaultConfigurationName = Release;
		};
		40D197D72A47E80B00674955 /* Build configuration list for PBXNativeTarget "demo" */ = {
			isa = XCConfigurationList;
			buildConfigurations = (
				40D197D82A47E80B00674955 /* Debug */,
				40D197D92A47E80B00674955 /* Release */,
			);
			defaultConfigurationIsVisible = 0;
			defaultConfigurationName = Release;
		};
		40D197DA2A47E80B00674955 /* Build configuration list for PBXNativeTarget "demoTests" */ = {
			isa = XCConfigurationList;
			buildConfigurations = (
				40D197DB2A47E80B00674955 /* Debug */,
				40D197DC2A47E80B00674955 /* Release */,
			);
			defaultConfigurationIsVisible = 0;
			defaultConfigurationName = Release;
		};
		40D197DD2A47E80B00674955 /* Build configuration list for PBXNativeTarget "demoUITests" */ = {
			isa = XCConfigurationList;
			buildConfigurations = (
				40D197DE2A47E80B00674955 /* Debug */,
				40D197DF2A47E80B00674955 /* Release */,
			);
			defaultConfigurationIsVisible = 0;
			defaultConfigurationName = Release;
		};
/* End XCConfigurationList section */
	};
	rootObject = 40D197A02A47E80800674955 /* Project object */;
}
